
Microsoft Visual Studio Solution File, Format Version 12.00
# Visual Studio Version 16
VisualStudioVersion = 16.0.30907.101
MinimumVisualStudioVersion = 10.0.40219.1
Project("{9A19103F-16F7-4668-BE54-9A1E7A4F7556}") = "dotnet_vjezba", "dotnet_vjezba.csproj", "{726AAA59-C9B0-4C98-84A4-3E42749A22FD}"
EndProject
Global
	GlobalSection(SolutionConfigurationPlatforms) = preSolution
		Debug|Any CPU = Debug|Any CPU
		Release|Any CPU = Release|Any CPU
	EndGlobalSection
	GlobalSection(ProjectConfigurationPlatforms) = postSolution
		{726AAA59-C9B0-4C98-84A4-3E42749A22FD}.Debug|Any CPU.ActiveCfg = Debug|Any CPU
		{726AAA59-C9B0-4C98-84A4-3E42749A22FD}.Debug|Any CPU.Build.0 = Debug|Any CPU
		{726AAA59-C9B0-4C98-84A4-3E42749A22FD}.Release|Any CPU.ActiveCfg = Release|Any CPU
		{726AAA59-C9B0-4C98-84A4-3E42749A22FD}.Release|Any CPU.Build.0 = Release|Any CPU
	EndGlobalSection
	GlobalSection(SolutionProperties) = preSolution
		HideSolutionNode = FALSE
	EndGlobalSection
	GlobalSection(ExtensibilityGlobals) = postSolution
		SolutionGuid = {77623A8F-9F48-4708-A446-946FE8296BDB}
	EndGlobalSection
EndGlobal
